
Microsoft Visual Studio Solution File, Format Version 12.00
# Visual Studio Version 17
VisualStudioVersion = 17.11.35222.181
MinimumVisualStudioVersion = 10.0.40219.1
Project("{FAE04EC0-301F-11D3-BF4B-00C04F79EFBC}") = "VRoidShaper", "VRoidShaper.csproj", "{EC77E38F-2166-497A-AC01-C342162674FA}"
EndProject
Global
	GlobalSection(SolutionConfigurationPlatforms) = preSolution
		Debug|Any CPU = Debug|Any CPU
		Release|Any CPU = Release|Any CPU
	EndGlobalSection
	GlobalSection(ProjectConfigurationPlatforms) = postSolution
		{EC77E38F-2166-497A-AC01-C342162674FA}.Debug|Any CPU.ActiveCfg = Debug|Any CPU
		{EC77E38F-2166-497A-AC01-C342162674FA}.Debug|Any CPU.Build.0 = Debug|Any CPU
		{EC77E38F-2166-497A-AC01-C342162674FA}.Release|Any CPU.ActiveCfg = Release|Any CPU
		{EC77E38F-2166-497A-AC01-C342162674FA}.Release|Any CPU.Build.0 = Release|Any CPU
	EndGlobalSection
	GlobalSection(SolutionProperties) = preSolution
		HideSolutionNode = FALSE
	EndGlobalSection
	GlobalSection(ExtensibilityGlobals) = postSolution
		SolutionGuid = {A5AA23A7-DDE2-475E-B677-3DFADEBE9659}
	EndGlobalSection
EndGlobal
